
Microsoft Visual Studio Solution File, Format Version 12.00
# Visual Studio 14
VisualStudioVersion = 14.0.25420.1
MinimumVisualStudioVersion = 10.0.40219.1
Project("{FAE04EC0-301F-11D3-BF4B-00C04F79EFBC}") = "SeaBattleGame", "WindowsFormsApplication3\SeaBattleGame.csproj", "{615B5351-0711-409B-8FB2-5347E7840344}"
EndProject
Project("{2150E333-8FDC-42A3-9474-1A3956D46DE8}") = "Solution Items", "Solution Items", "{71D9B89A-DC33-4495-9716-1CDC151AB966}"
EndProject
Project("{FAE04EC0-301F-11D3-BF4B-00C04F79EFBC}") = "GameCore", "GameCore\GameCore.csproj", "{CB2D2291-8FA1-4357-B556-3B4974DA93B1}"
EndProject
Project("{FAE04EC0-301F-11D3-BF4B-00C04F79EFBC}") = "GameService", "GameService\GameService.csproj", "{C43D8734-340A-4A4B-A4C5-9827B5F082B3}"
EndProject
Project("{FAE04EC0-301F-11D3-BF4B-00C04F79EFBC}") = "GameDataLayer", "GameDataLayer\GameDataLayer.csproj", "{7FCAE266-8CF6-4B69-989E-52A02592099B}"
EndProject
Project("{FAE04EC0-301F-11D3-BF4B-00C04F79EFBC}") = "UnitTest", "UnitTest\UnitTest.csproj", "{7C5215C7-A0B3-44D5-AA00-49186E68EAE1}"
EndProject
Project("{FAE04EC0-301F-11D3-BF4B-00C04F79EFBC}") = "CustomGamePlugin", "CustomGamePlugin\CustomGamePlugin.csproj", "{DE2FE4C9-39E4-4190-A97A-44C7DC3E89F3}"
EndProject
Project("{FAE04EC0-301F-11D3-BF4B-00C04F79EFBC}") = "SeaBattleMVVM", "SeaBattleMVVM\SeaBattleMVVM.csproj", "{26AFCB1F-3653-4E00-B913-6BDDB8F59142}"
EndProject
Project("{FAE04EC0-301F-11D3-BF4B-00C04F79EFBC}") = "LocalizatorHelper", "LocalizatorHelper\LocalizatorHelper.csproj", "{C29287DE-7DC9-4BBB-AD07-6E6B5966BB6F}"
EndProject
Global
	GlobalSection(SolutionConfigurationPlatforms) = preSolution
		Debug|Any CPU = Debug|Any CPU
		Debug|x64 = Debug|x64
		Debug|x86 = Debug|x86
		Release|Any CPU = Release|Any CPU
		Release|x64 = Release|x64
		Release|x86 = Release|x86
	EndGlobalSection
	GlobalSection(ProjectConfigurationPlatforms) = postSolution
		{615B5351-0711-409B-8FB2-5347E7840344}.Debug|Any CPU.ActiveCfg = Debug|Any CPU
		{615B5351-0711-409B-8FB2-5347E7840344}.Debug|Any CPU.Build.0 = Debug|Any CPU
		{615B5351-0711-409B-8FB2-5347E7840344}.Debug|x64.ActiveCfg = Debug|x64
		{615B5351-0711-409B-8FB2-5347E7840344}.Debug|x64.Build.0 = Debug|x64
		{615B5351-0711-409B-8FB2-5347E7840344}.Debug|x86.ActiveCfg = Debug|x86
		{615B5351-0711-409B-8FB2-5347E7840344}.Debug|x86.Build.0 = Debug|x86
		{615B5351-0711-409B-8FB2-5347E7840344}.Release|Any CPU.ActiveCfg = Release|Any CPU
		{615B5351-0711-409B-8FB2-5347E7840344}.Release|Any CPU.Build.0 = Release|Any CPU
		{615B5351-0711-409B-8FB2-5347E7840344}.Release|x64.ActiveCfg = Release|x64
		{615B5351-0711-409B-8FB2-5347E7840344}.Release|x64.Build.0 = Release|x64
		{615B5351-0711-409B-8FB2-5347E7840344}.Release|x86.ActiveCfg = Release|x86
		{615B5351-0711-409B-8FB2-5347E7840344}.Release|x86.Build.0 = Release|x86
		{CB2D2291-8FA1-4357-B556-3B4974DA93B1}.Debug|Any CPU.ActiveCfg = Debug|Any CPU
		{CB2D2291-8FA1-4357-B556-3B4974DA93B1}.Debug|Any CPU.Build.0 = Debug|Any CPU
		{CB2D2291-8FA1-4357-B556-3B4974DA93B1}.Debug|x64.ActiveCfg = Debug|x64
		{CB2D2291-8FA1-4357-B556-3B4974DA93B1}.Debug|x64.Build.0 = Debug|x64
		{CB2D2291-8FA1-4357-B556-3B4974DA93B1}.Debug|x86.ActiveCfg = Debug|x86
		{CB2D2291-8FA1-4357-B556-3B4974DA93B1}.Debug|x86.Build.0 = Debug|x86
		{CB2D2291-8FA1-4357-B556-3B4974DA93B1}.Release|Any CPU.ActiveCfg = Release|Any CPU
		{CB2D2291-8FA1-4357-B556-3B4974DA93B1}.Release|Any CPU.Build.0 = Release|Any CPU
		{CB2D2291-8FA1-4357-B556-3B4974DA93B1}.Release|x64.ActiveCfg = Release|x64
		{CB2D2291-8FA1-4357-B556-3B4974DA93B1}.Release|x64.Build.0 = Release|x64
		{CB2D2291-8FA1-4357-B556-3B4974DA93B1}.Release|x86.ActiveCfg = Release|x86
		{CB2D2291-8FA1-4357-B556-3B4974DA93B1}.Release|x86.Build.0 = Release|x86
		{C43D8734-340A-4A4B-A4C5-9827B5F082B3}.Debug|Any CPU.ActiveCfg = Debug|Any CPU
		{C43D8734-340A-4A4B-A4C5-9827B5F082B3}.Debug|Any CPU.Build.0 = Debug|Any CPU
		{C43D8734-340A-4A4B-A4C5-9827B5F082B3}.Debug|x64.ActiveCfg = Debug|x64
		{C43D8734-340A-4A4B-A4C5-9827B5F082B3}.Debug|x64.Build.0 = Debug|x64
		{C43D8734-340A-4A4B-A4C5-9827B5F082B3}.Debug|x86.ActiveCfg = Debug|x86
		{C43D8734-340A-4A4B-A4C5-9827B5F082B3}.Debug|x86.Build.0 = Debug|x86
		{C43D8734-340A-4A4B-A4C5-9827B5F082B3}.Release|Any CPU.ActiveCfg = Release|Any CPU
		{C43D8734-340A-4A4B-A4C5-9827B5F082B3}.Release|Any CPU.Build.0 = Release|Any CPU
		{C43D8734-340A-4A4B-A4C5-9827B5F082B3}.Release|x64.ActiveCfg = Release|x64
		{C43D8734-340A-4A4B-A4C5-9827B5F082B3}.Release|x64.Build.0 = Release|x64
		{C43D8734-340A-4A4B-A4C5-9827B5F082B3}.Release|x86.ActiveCfg = Release|x86
		{C43D8734-340A-4A4B-A4C5-9827B5F082B3}.Release|x86.Build.0 = Release|x86
		{7FCAE266-8CF6-4B69-989E-52A02592099B}.Debug|Any CPU.ActiveCfg = Debug|Any CPU
		{7FCAE266-8CF6-4B69-989E-52A02592099B}.Debug|Any CPU.Build.0 = Debug|Any CPU
		{7FCAE266-8CF6-4B69-989E-52A02592099B}.Debug|x64.ActiveCfg = Debug|x64
		{7FCAE266-8CF6-4B69-989E-52A02592099B}.Debug|x64.Build.0 = Debug|x64
		{7FCAE266-8CF6-4B69-989E-52A02592099B}.Debug|x86.ActiveCfg = Debug|x86
		{7FCAE266-8CF6-4B69-989E-52A02592099B}.Debug|x86.Build.0 = Debug|x86
		{7FCAE266-8CF6-4B69-989E-52A02592099B}.Release|Any CPU.ActiveCfg = Release|Any CPU
		{7FCAE266-8CF6-4B69-989E-52A02592099B}.Release|Any CPU.Build.0 = Release|Any CPU
		{7FCAE266-8CF6-4B69-989E-52A02592099B}.Release|x64.ActiveCfg = Release|x64
		{7FCAE266-8CF6-4B69-989E-52A02592099B}.Release|x64.Build.0 = Release|x64
		{7FCAE266-8CF6-4B69-989E-52A02592099B}.Release|x86.ActiveCfg = Release|x86
		{7FCAE266-8CF6-4B69-989E-52A02592099B}.Release|x86.Build.0 = Release|x86
		{7C5215C7-A0B3-44D5-AA00-49186E68EAE1}.Debug|Any CPU.ActiveCfg = Debug|Any CPU
		{7C5215C7-A0B3-44D5-AA00-49186E68EAE1}.Debug|Any CPU.Build.0 = Debug|Any CPU
		{7C5215C7-A0B3-44D5-AA00-49186E68EAE1}.Debug|x64.ActiveCfg = Debug|x64
		{7C5215C7-A0B3-44D5-AA00-49186E68EAE1}.Debug|x64.Build.0 = Debug|x64
		{7C5215C7-A0B3-44D5-AA00-49186E68EAE1}.Debug|x86.ActiveCfg = Debug|x86
		{7C5215C7-A0B3-44D5-AA00-49186E68EAE1}.Debug|x86.Build.0 = Debug|x86
		{7C5215C7-A0B3-44D5-AA00-49186E68EAE1}.Release|Any CPU.ActiveCfg = Release|Any CPU
		{7C5215C7-A0B3-44D5-AA00-49186E68EAE1}.Release|Any CPU.Build.0 = Release|Any CPU
		{7C5215C7-A0B3-44D5-AA00-49186E68EAE1}.Release|x64.ActiveCfg = Release|x64
		{7C5215C7-A0B3-44D5-AA00-49186E68EAE1}.Release|x64.Build.0 = Release|x64
		{7C5215C7-A0B3-44D5-AA00-49186E68EAE1}.Release|x86.ActiveCfg = Release|x86
		{7C5215C7-A0B3-44D5-AA00-49186E68EAE1}.Release|x86.Build.0 = Release|x86
		{DE2FE4C9-39E4-4190-A97A-44C7DC3E89F3}.Debug|Any CPU.ActiveCfg = Debug|Any CPU
		{DE2FE4C9-39E4-4190-A97A-44C7DC3E89F3}.Debug|Any CPU.Build.0 = Debug|Any CPU
		{DE2FE4C9-39E4-4190-A97A-44C7DC3E89F3}.Debug|x64.ActiveCfg = Debug|x64
		{DE2FE4C9-39E4-4190-A97A-44C7DC3E89F3}.Debug|x64.Build.0 = Debug|x64
		{DE2FE4C9-39E4-4190-A97A-44C7DC3E89F3}.Debug|x86.ActiveCfg = Debug|x86
		{DE2FE4C9-39E4-4190-A97A-44C7DC3E89F3}.Debug|x86.Build.0 = Debug|x86
		{DE2FE4C9-39E4-4190-A97A-44C7DC3E89F3}.Release|Any CPU.ActiveCfg = Release|Any CPU
		{DE2FE4C9-39E4-4190-A97A-44C7DC3E89F3}.Release|Any CPU.Build.0 = Release|Any CPU
		{DE2FE4C9-39E4-4190-A97A-44C7DC3E89F3}.Release|x64.ActiveCfg = Release|x64
		{DE2FE4C9-39E4-4190-A97A-44C7DC3E89F3}.Release|x64.Build.0 = Release|x64
		{DE2FE4C9-39E4-4190-A97A-44C7DC3E89F3}.Release|x86.ActiveCfg = Release|x86
		{DE2FE4C9-39E4-4190-A97A-44C7DC3E89F3}.Release|x86.Build.0 = Release|x86
		{26AFCB1F-3653-4E00-B913-6BDDB8F59142}.Debug|Any CPU.ActiveCfg = Debug|Any CPU
		{26AFCB1F-3653-4E00-B913-6BDDB8F59142}.Debug|Any CPU.Build.0 = Debug|Any CPU
		{26AFCB1F-3653-4E00-B913-6BDDB8F59142}.Debug|x64.ActiveCfg = Debug|x64
		{26AFCB1F-3653-4E00-B913-6BDDB8F59142}.Debug|x64.Build.0 = Debug|x64
		{26AFCB1F-3653-4E00-B913-6BDDB8F59142}.Debug|x86.ActiveCfg = Debug|x86
		{26AFCB1F-3653-4E00-B913-6BDDB8F59142}.Debug|x86.Build.0 = Debug|x86
		{26AFCB1F-3653-4E00-B913-6BDDB8F59142}.Release|Any CPU.ActiveCfg = Release|Any CPU
		{26AFCB1F-3653-4E00-B913-6BDDB8F59142}.Release|Any CPU.Build.0 = Release|Any CPU
		{26AFCB1F-3653-4E00-B913-6BDDB8F59142}.Release|x64.ActiveCfg = Release|x64
		{26AFCB1F-3653-4E00-B913-6BDDB8F59142}.Release|x64.Build.0 = Release|x64
		{26AFCB1F-3653-4E00-B913-6BDDB8F59142}.Release|x86.ActiveCfg = Release|x86
		{26AFCB1F-3653-4E00-B913-6BDDB8F59142}.Release|x86.Build.0 = Release|x86
		{C29287DE-7DC9-4BBB-AD07-6E6B5966BB6F}.Debug|Any CPU.ActiveCfg = Debug|Any CPU
		{C29287DE-7DC9-4BBB-AD07-6E6B5966BB6F}.Debug|Any CPU.Build.0 = Debug|Any CPU
		{C29287DE-7DC9-4BBB-AD07-6E6B5966BB6F}.Debug|x64.ActiveCfg = Debug|x64
		{C29287DE-7DC9-4BBB-AD07-6E6B5966BB6F}.Debug|x64.Build.0 = Debug|x64
		{C29287DE-7DC9-4BBB-AD07-6E6B5966BB6F}.Debug|x86.ActiveCfg = Debug|x86
		{C29287DE-7DC9-4BBB-AD07-6E6B5966BB6F}.Debug|x86.Build.0 = Debug|x86
		{C29287DE-7DC9-4BBB-AD07-6E6B5966BB6F}.Release|Any CPU.ActiveCfg = Release|Any CPU
		{C29287DE-7DC9-4BBB-AD07-6E6B5966BB6F}.Release|Any CPU.Build.0 = Release|Any CPU
		{C29287DE-7DC9-4BBB-AD07-6E6B5966BB6F}.Release|x64.ActiveCfg = Release|x64
		{C29287DE-7DC9-4BBB-AD07-6E6B5966BB6F}.Release|x64.Build.0 = Release|x64
		{C29287DE-7DC9-4BBB-AD07-6E6B5966BB6F}.Release|x86.ActiveCfg = Release|x86
		{C29287DE-7DC9-4BBB-AD07-6E6B5966BB6F}.Release|x86.Build.0 = Release|x86
	EndGlobalSection
	GlobalSection(SolutionProperties) = preSolution
		HideSolutionNode = FALSE
	EndGlobalSection
EndGlobal
